
Microsoft Visual Studio Solution File, Format Version 12.00
Project("{FAE04EC0-301F-11D3-BF4B-00C04F79EFBC}") = "DataProcessor", "DataProcessor\DataProcessor.csproj", "{0948D341-D353-419D-88F6-172BE0B40AE6}"
EndProject
Global
	GlobalSection(SolutionConfigurationPlatforms) = preSolution
		Debug|Any CPU = Debug|Any CPU
		Release|Any CPU = Release|Any CPU
	EndGlobalSection
	GlobalSection(ProjectConfigurationPlatforms) = postSolution
		{0948D341-D353-419D-88F6-172BE0B40AE6}.Debug|Any CPU.ActiveCfg = Debug|Any CPU
		{0948D341-D353-419D-88F6-172BE0B40AE6}.Debug|Any CPU.Build.0 = Debug|Any CPU
		{0948D341-D353-419D-88F6-172BE0B40AE6}.Release|Any CPU.ActiveCfg = Release|Any CPU
		{0948D341-D353-419D-88F6-172BE0B40AE6}.Release|Any CPU.Build.0 = Release|Any CPU
	EndGlobalSection
EndGlobal
